
Microsoft Visual Studio Solution File, Format Version 12.00
# Visual Studio 2015
Project("{FAE04EC0-301F-11D3-BF4B-00C04F79EFBC}") = "ARG.CSharp.Plugins", "ARG.CSharp.Plugins.csproj", "{0302B470-930F-E018-AEE9-BC2296D78F8C}"
EndProject
Project("{FAE04EC0-301F-11D3-BF4B-00C04F79EFBC}") = "ARG.CSharp", "ARG.CSharp.csproj", "{AD10BC05-BB26-3E41-41F0-D2708637F101}"
EndProject
Project("{FAE04EC0-301F-11D3-BF4B-00C04F79EFBC}") = "ARG.CSharp.Editor", "ARG.CSharp.Editor.csproj", "{683B3EAA-DDD5-6549-307B-F065F6D96A61}"
EndProject
Project("{8BC9CEB8-8B4A-11D0-8D11-00A0C91BC942}") = "ImageProcessing", "external\ImageProcessing\ImageProcessing.vcxproj", "{876C14A4-B1B3-49EC-81C6-CB3829ABCC3C}"
EndProject
Project("{FAE04EC0-301F-11D3-BF4B-00C04F79EFBC}") = "ImageProcessingTest", "external\ImageProcessingTest\ImageProcessingTest.csproj", "{351F4A28-96D4-4651-855D-CD8D66ABC3F7}"
EndProject
Global
	GlobalSection(SolutionConfigurationPlatforms) = preSolution
		Debug|Any CPU = Debug|Any CPU
		Release|Any CPU = Release|Any CPU
	EndGlobalSection
	GlobalSection(ProjectConfigurationPlatforms) = postSolution
		{0302B470-930F-E018-AEE9-BC2296D78F8C}.Debug|Any CPU.ActiveCfg = Debug|Any CPU
		{0302B470-930F-E018-AEE9-BC2296D78F8C}.Debug|Any CPU.Build.0 = Debug|Any CPU
		{0302B470-930F-E018-AEE9-BC2296D78F8C}.Release|Any CPU.ActiveCfg = Release|Any CPU
		{0302B470-930F-E018-AEE9-BC2296D78F8C}.Release|Any CPU.Build.0 = Release|Any CPU
		{AD10BC05-BB26-3E41-41F0-D2708637F101}.Debug|Any CPU.ActiveCfg = Debug|Any CPU
		{AD10BC05-BB26-3E41-41F0-D2708637F101}.Debug|Any CPU.Build.0 = Debug|Any CPU
		{AD10BC05-BB26-3E41-41F0-D2708637F101}.Release|Any CPU.ActiveCfg = Release|Any CPU
		{AD10BC05-BB26-3E41-41F0-D2708637F101}.Release|Any CPU.Build.0 = Release|Any CPU
		{683B3EAA-DDD5-6549-307B-F065F6D96A61}.Debug|Any CPU.ActiveCfg = Debug|Any CPU
		{683B3EAA-DDD5-6549-307B-F065F6D96A61}.Debug|Any CPU.Build.0 = Debug|Any CPU
		{683B3EAA-DDD5-6549-307B-F065F6D96A61}.Release|Any CPU.ActiveCfg = Release|Any CPU
		{683B3EAA-DDD5-6549-307B-F065F6D96A61}.Release|Any CPU.Build.0 = Release|Any CPU
		{876C14A4-B1B3-49EC-81C6-CB3829ABCC3C}.Debug|Any CPU.ActiveCfg = Debug|Any CPU
		{876C14A4-B1B3-49EC-81C6-CB3829ABCC3C}.Debug|Any CPU.Build.0 = Debug|Any CPU
		{876C14A4-B1B3-49EC-81C6-CB3829ABCC3C}.Release|Any CPU.ActiveCfg = Release|Any CPU
		{876C14A4-B1B3-49EC-81C6-CB3829ABCC3C}.Release|Any CPU.Build.0 = Release|Any CPU
		{351F4A28-96D4-4651-855D-CD8D66ABC3F7}.Debug|Any CPU.ActiveCfg = Debug|Any CPU
		{351F4A28-96D4-4651-855D-CD8D66ABC3F7}.Debug|Any CPU.Build.0 = Debug|Any CPU
		{351F4A28-96D4-4651-855D-CD8D66ABC3F7}.Release|Any CPU.ActiveCfg = Release|Any CPU
		{351F4A28-96D4-4651-855D-CD8D66ABC3F7}.Release|Any CPU.Build.0 = Release|Any CPU
	EndGlobalSection
	GlobalSection(SolutionProperties) = preSolution
		HideSolutionNode = FALSE
	EndGlobalSection
EndGlobal
