
Microsoft Visual Studio Solution File, Format Version 12.00
# Visual Studio 2015
Project("{FAE04EC0-301F-11D3-BF4B-00C04F79EFBC}") = "ba.CSharp.Plugins", "ba.CSharp.Plugins.csproj", "{BF17775E-4F38-3770-7096-BF247FB32690}"
EndProject
Project("{FAE04EC0-301F-11D3-BF4B-00C04F79EFBC}") = "ba.CSharp", "ba.CSharp.csproj", "{1676F8BB-8042-EACA-F7B5-4D70E15E3AB5}"
EndProject
Project("{FAE04EC0-301F-11D3-BF4B-00C04F79EFBC}") = "ba.CSharp.Editor", "ba.CSharp.Editor.csproj", "{D8E666C8-01E5-9B36-8A0E-56B330DA5376}"
EndProject
Project("{8BC9CEB8-8B4A-11D0-8D11-00A0C91BC942}") = "ImageProcessing", "external\ImageProcessing\ImageProcessing.vcxproj", "{876C14A4-B1B3-49EC-81C6-CB3829ABCC3C}"
EndProject
Project("{FAE04EC0-301F-11D3-BF4B-00C04F79EFBC}") = "ImageProcessingTest", "external\ImageProcessingTest\ImageProcessingTest.csproj", "{351F4A28-96D4-4651-855D-CD8D66ABC3F7}"
EndProject
Project("{FAE04EC0-301F-11D3-BF4B-00C04F79EFBC}") = "InteractiveDisplay", "external\InteractiveDisplay\InteractiveDisplay.csproj", "{327DF8C5-8702-47CB-9F4A-FFC130AD097A}"
EndProject
Global
	GlobalSection(SolutionConfigurationPlatforms) = preSolution
		Debug|Any CPU = Debug|Any CPU
		Release|Any CPU = Release|Any CPU
	EndGlobalSection
	GlobalSection(ProjectConfigurationPlatforms) = postSolution
		{BF17775E-4F38-3770-7096-BF247FB32690}.Debug|Any CPU.ActiveCfg = Debug|Any CPU
		{BF17775E-4F38-3770-7096-BF247FB32690}.Debug|Any CPU.Build.0 = Debug|Any CPU
		{BF17775E-4F38-3770-7096-BF247FB32690}.Release|Any CPU.ActiveCfg = Release|Any CPU
		{BF17775E-4F38-3770-7096-BF247FB32690}.Release|Any CPU.Build.0 = Release|Any CPU
		{1676F8BB-8042-EACA-F7B5-4D70E15E3AB5}.Debug|Any CPU.ActiveCfg = Debug|Any CPU
		{1676F8BB-8042-EACA-F7B5-4D70E15E3AB5}.Debug|Any CPU.Build.0 = Debug|Any CPU
		{1676F8BB-8042-EACA-F7B5-4D70E15E3AB5}.Release|Any CPU.ActiveCfg = Release|Any CPU
		{1676F8BB-8042-EACA-F7B5-4D70E15E3AB5}.Release|Any CPU.Build.0 = Release|Any CPU
		{D8E666C8-01E5-9B36-8A0E-56B330DA5376}.Debug|Any CPU.ActiveCfg = Debug|Any CPU
		{D8E666C8-01E5-9B36-8A0E-56B330DA5376}.Debug|Any CPU.Build.0 = Debug|Any CPU
		{D8E666C8-01E5-9B36-8A0E-56B330DA5376}.Release|Any CPU.ActiveCfg = Release|Any CPU
		{D8E666C8-01E5-9B36-8A0E-56B330DA5376}.Release|Any CPU.Build.0 = Release|Any CPU
		{876C14A4-B1B3-49EC-81C6-CB3829ABCC3C}.Debug|Any CPU.ActiveCfg = Debug|Any CPU
		{876C14A4-B1B3-49EC-81C6-CB3829ABCC3C}.Debug|Any CPU.Build.0 = Debug|Any CPU
		{876C14A4-B1B3-49EC-81C6-CB3829ABCC3C}.Release|Any CPU.ActiveCfg = Release|Any CPU
		{876C14A4-B1B3-49EC-81C6-CB3829ABCC3C}.Release|Any CPU.Build.0 = Release|Any CPU
		{351F4A28-96D4-4651-855D-CD8D66ABC3F7}.Debug|Any CPU.ActiveCfg = Debug|Any CPU
		{351F4A28-96D4-4651-855D-CD8D66ABC3F7}.Debug|Any CPU.Build.0 = Debug|Any CPU
		{351F4A28-96D4-4651-855D-CD8D66ABC3F7}.Release|Any CPU.ActiveCfg = Release|Any CPU
		{351F4A28-96D4-4651-855D-CD8D66ABC3F7}.Release|Any CPU.Build.0 = Release|Any CPU
		{327DF8C5-8702-47CB-9F4A-FFC130AD097A}.Debug|Any CPU.ActiveCfg = Debug|Any CPU
		{327DF8C5-8702-47CB-9F4A-FFC130AD097A}.Debug|Any CPU.Build.0 = Debug|Any CPU
		{327DF8C5-8702-47CB-9F4A-FFC130AD097A}.Release|Any CPU.ActiveCfg = Release|Any CPU
		{327DF8C5-8702-47CB-9F4A-FFC130AD097A}.Release|Any CPU.Build.0 = Release|Any CPU
	EndGlobalSection
	GlobalSection(SolutionProperties) = preSolution
		HideSolutionNode = FALSE
	EndGlobalSection
EndGlobal
