<?xml version="1.0" encoding="utf-8"?>
<Project ToolsVersion="4.0" xmlns="http://schemas.microsoft.com/developer/msbuild/2003">
  <ItemGroup>
    <Filter Include="Source Files">
      <UniqueIdentifier>{4FC737F1-C7A5-4376-A066-2A32D752A2FF}</UniqueIdentifier>
      <Extensions>cpp;c;cc;cxx;def;odl;idl;hpj;bat;asm;asmx</Extensions>
    </Filter>
    <Filter Include="Header Files">
      <UniqueIdentifier>{93995380-89BD-4b04-88EB-625FBE52EBFB}</UniqueIdentifier>
      <Extensions>h;hh;hpp;hxx;hm;inl;inc;xsd</Extensions>
    </Filter>
    <Filter Include="Resource Files">
      <UniqueIdentifier>{67DA6AB6-F800-4c08-8B7A-83BB121AAD01}</UniqueIdentifier>
      <Extensions>rc;ico;cur;bmp;dlg;rc2;rct;bin;rgs;gif;jpg;jpeg;jpe;resx;tiff;tif;png;wav;mfcribbon-ms</Extensions>
    </Filter>
  </ItemGroup>
  <ItemGroup>
    <ClCompile Include="src\old\processingmodule\ARMarkerSquare.cpp">
      <Filter>Source Files</Filter>
    </ClCompile>
    <ClCompile Include="src\old\processingmodule\ARToolkitModule.cpp">
      <Filter>Source Files</Filter>
    </ClCompile>
    <ClCompile Include="src\old\processingmodule\ContourModule.cpp">
      <Filter>Source Files</Filter>
    </ClCompile>
    <ClCompile Include="src\old\processingmodule\RawImageModule.cpp">
      <Filter>Source Files</Filter>
    </ClCompile>
    <ClCompile Include="src\old\processingmodule\RoiModule.cpp">
      <Filter>Source Files</Filter>
    </ClCompile>
    <ClCompile Include="src\old\texturewriter\OpenCvTextureWriter.cpp">
      <Filter>Source Files</Filter>
    </ClCompile>
    <ClCompile Include="src\old\texturewriter\UnityDX11TextureWriter.cpp">
      <Filter>Source Files</Filter>
    </ClCompile>
    <ClCompile Include="src\old\util\ModuleManager.cpp">
      <Filter>Source Files</Filter>
    </ClCompile>
    <ClCompile Include="src\old\util\ThreadedModule.cpp">
      <Filter>Source Files</Filter>
    </ClCompile>
    <ClCompile Include="src\old\util\UnityUtils.cpp">
      <Filter>Source Files</Filter>
    </ClCompile>
    <ClCompile Include="src\old\stereo_detection.cpp">
      <Filter>Source Files</Filter>
    </ClCompile>
    <ClCompile Include="src\old\framesource\DummyFrameSource.cpp">
      <Filter>Source Files</Filter>
    </ClCompile>
    <ClCompile Include="src\old\framesource\LeapFrameSource.cpp">
      <Filter>Source Files</Filter>
    </ClCompile>
    <ClCompile Include="src\old\framesource\NullFrameSource.cpp">
      <Filter>Source Files</Filter>
    </ClCompile>
    <ClCompile Include="src\old\framesource\OpenCvFrameProducer.cpp">
      <Filter>Source Files</Filter>
    </ClCompile>
    <ClCompile Include="src\old\framesource\OvrFrameProducer.cpp">
      <Filter>Source Files</Filter>
    </ClCompile>
    <ClCompile Include="src\old\api\CameraProperties.cpp">
      <Filter>Source Files</Filter>
    </ClCompile>
    <ClCompile Include="src\old\api\common.cpp">
      <Filter>Source Files</Filter>
    </ClCompile>
    <ClCompile Include="src\old\api\debug.cpp">
      <Filter>Source Files</Filter>
    </ClCompile>
    <ClCompile Include="src\old\api\RenderingPlugin.cpp">
      <Filter>Source Files</Filter>
    </ClCompile>
  </ItemGroup>
  <ItemGroup>
    <ClInclude Include="src\old\processingmodule\ARMarkerSquare.h">
      <Filter>Header Files</Filter>
    </ClInclude>
    <ClInclude Include="src\old\processingmodule\ARToolkitModule.h">
      <Filter>Header Files</Filter>
    </ClInclude>
    <ClInclude Include="src\old\processingmodule\ContourModule.h">
      <Filter>Header Files</Filter>
    </ClInclude>
    <ClInclude Include="src\old\processingmodule\IProcessingModule.h">
      <Filter>Header Files</Filter>
    </ClInclude>
    <ClInclude Include="src\old\processingmodule\RawImageModule.h">
      <Filter>Header Files</Filter>
    </ClInclude>
    <ClInclude Include="src\old\processingmodule\RoiModule.h">
      <Filter>Header Files</Filter>
    </ClInclude>
    <ClInclude Include="src\old\texturewriter\ITextureWriter.h">
      <Filter>Header Files</Filter>
    </ClInclude>
    <ClInclude Include="src\old\texturewriter\OpenCvTextureWriter.h">
      <Filter>Header Files</Filter>
    </ClInclude>
    <ClInclude Include="src\old\texturewriter\UnityDX11TextureWriter.h">
      <Filter>Header Files</Filter>
    </ClInclude>
    <ClInclude Include="src\old\util\ImageInfo.h">
      <Filter>Header Files</Filter>
    </ClInclude>
    <ClInclude Include="src\old\util\ModuleManager.h">
      <Filter>Header Files</Filter>
    </ClInclude>
    <ClInclude Include="src\old\util\PerformanceDebugging.h">
      <Filter>Header Files</Filter>
    </ClInclude>
    <ClInclude Include="src\old\util\ProcessingOutput.h">
      <Filter>Header Files</Filter>
    </ClInclude>
    <ClInclude Include="src\old\util\ThreadedModule.h">
      <Filter>Header Files</Filter>
    </ClInclude>
    <ClInclude Include="src\old\util\UnityUtils.h">
      <Filter>Header Files</Filter>
    </ClInclude>
    <ClInclude Include="src\old\framesource\DummyFrameSource.h">
      <Filter>Header Files</Filter>
    </ClInclude>
    <ClInclude Include="src\old\framesource\IFrameSource.h">
      <Filter>Header Files</Filter>
    </ClInclude>
    <ClInclude Include="src\old\framesource\LeapFrameSource.h">
      <Filter>Header Files</Filter>
    </ClInclude>
    <ClInclude Include="src\old\framesource\NullFrameSource.h">
      <Filter>Header Files</Filter>
    </ClInclude>
    <ClInclude Include="src\old\framesource\OpenCVFrameProducer.h">
      <Filter>Header Files</Filter>
    </ClInclude>
    <ClInclude Include="src\old\framesource\OvrFrameProducer.h">
      <Filter>Header Files</Filter>
    </ClInclude>
    <ClInclude Include="src\old\api\common.h">
      <Filter>Header Files</Filter>
    </ClInclude>
    <ClInclude Include="src\old\api\debug.h">
      <Filter>Header Files</Filter>
    </ClInclude>
    <ClInclude Include="src\old\api\RenderingPlugin.h">
      <Filter>Header Files</Filter>
    </ClInclude>
    <ClInclude Include="src\cameras\ICamera.h">
      <Filter>Header Files</Filter>
    </ClInclude>
    <ClInclude Include="src\processors\IProcessor.h">
      <Filter>Header Files</Filter>
    </ClInclude>
    <ClInclude Include="src\ImageMetaData.h">
      <Filter>Header Files</Filter>
    </ClInclude>
  </ItemGroup>
  <ItemGroup>
    <None Include="Modules.def">
      <Filter>Source Files</Filter>
    </None>
  </ItemGroup>
</Project>