<?xml version="1.0" encoding="utf-8"?>
<Project ToolsVersion="4.0" xmlns="http://schemas.microsoft.com/developer/msbuild/2003">
  <ItemGroup>
    <Filter Include="Source Files">
      <UniqueIdentifier>{4FC737F1-C7A5-4376-A066-2A32D752A2FF}</UniqueIdentifier>
      <Extensions>cpp;c;cc;cxx;def;odl;idl;hpj;bat;asm;asmx</Extensions>
    </Filter>
    <Filter Include="Header Files">
      <UniqueIdentifier>{93995380-89BD-4b04-88EB-625FBE52EBFB}</UniqueIdentifier>
      <Extensions>h;hh;hpp;hxx;hm;inl;inc;xsd</Extensions>
    </Filter>
    <Filter Include="Resource Files">
      <UniqueIdentifier>{67DA6AB6-F800-4c08-8B7A-83BB121AAD01}</UniqueIdentifier>
      <Extensions>rc;ico;cur;bmp;dlg;rc2;rct;bin;rgs;gif;jpg;jpeg;jpe;resx;tiff;tif;png;wav;mfcribbon-ms</Extensions>
    </Filter>
  </ItemGroup>
  <ItemGroup>
    <ClCompile Include="src\cameras\OvrvisionCameraSource.cpp">
      <Filter>Source Files</Filter>
    </ClCompile>
    <ClCompile Include="src\utils\Logger.cpp">
      <Filter>Source Files</Filter>
    </ClCompile>
    <ClCompile Include="src\api\camera_factory.cpp">
      <Filter>Source Files</Filter>
    </ClCompile>
    <ClCompile Include="src\api\unity_plugin.cpp">
      <Filter>Source Files</Filter>
    </ClCompile>
    <ClCompile Include="src\api\camera_properties.cpp">
      <Filter>Source Files</Filter>
    </ClCompile>
    <ClCompile Include="src\cameras\ActiveCamera.cpp">
      <Filter>Source Files</Filter>
    </ClCompile>
    <ClCompile Include="src\api\output_factory.cpp">
      <Filter>Source Files</Filter>
    </ClCompile>
    <ClCompile Include="src\api\pipeline.cpp">
      <Filter>Source Files</Filter>
    </ClCompile>
    <ClCompile Include="src\api\processor_factory.cpp">
      <Filter>Source Files</Filter>
    </ClCompile>
    <ClCompile Include="src\pipelines\ThreadedPipeline.cpp">
      <Filter>Source Files</Filter>
    </ClCompile>
    <ClCompile Include="src\api\logging.cpp">
      <Filter>Source Files</Filter>
    </ClCompile>
    <ClCompile Include="src\cameras\DummyCameraSource.cpp">
      <Filter>Source Files</Filter>
    </ClCompile>
    <ClCompile Include="src\processors\_stereo_detection.cpp">
      <Filter>Source Files</Filter>
    </ClCompile>
    <ClCompile Include="src\outputs\UnityTextureOutput.cpp">
      <Filter>Source Files</Filter>
    </ClCompile>
    <ClCompile Include="src\outputs\OpenCvOutput.cpp">
      <Filter>Source Files</Filter>
    </ClCompile>
    <ClCompile Include="src\pipelines\PipelineManager.cpp">
      <Filter>Source Files</Filter>
    </ClCompile>
  </ItemGroup>
  <ItemGroup>
    <ClInclude Include="src\cameras\ActiveCamera.h">
      <Filter>Header Files</Filter>
    </ClInclude>
    <ClInclude Include="src\cameras\DummyCameraSource.h">
      <Filter>Header Files</Filter>
    </ClInclude>
    <ClInclude Include="src\cameras\OvrvisionCameraSource.h">
      <Filter>Header Files</Filter>
    </ClInclude>
    <ClInclude Include="src\utils\Logger.h">
      <Filter>Header Files</Filter>
    </ClInclude>
    <ClInclude Include="src\api\unity_plugin.h">
      <Filter>Header Files</Filter>
    </ClInclude>
    <ClInclude Include="src\utils\Event.h">
      <Filter>Header Files</Filter>
    </ClInclude>
    <ClInclude Include="src\utils\UIDGenerator.h">
      <Filter>Header Files</Filter>
    </ClInclude>
    <ClInclude Include="src\utils\UID.h">
      <Filter>Header Files</Filter>
    </ClInclude>
    <ClInclude Include="src\cameras\CameraSourceInterface.h">
      <Filter>Header Files</Filter>
    </ClInclude>
    <ClInclude Include="src\frames\FrameData.h">
      <Filter>Header Files</Filter>
    </ClInclude>
    <ClInclude Include="src\frames\PoseFrameData.h">
      <Filter>Header Files</Filter>
    </ClInclude>
    <ClInclude Include="src\outputs\Output.h">
      <Filter>Header Files</Filter>
    </ClInclude>
    <ClInclude Include="src\processors\Processor.h">
      <Filter>Header Files</Filter>
    </ClInclude>
    <ClInclude Include="src\frames\FrameSize.h">
      <Filter>Header Files</Filter>
    </ClInclude>
    <ClInclude Include="src\pipelines\PipelineManager.h">
      <Filter>Header Files</Filter>
    </ClInclude>
    <ClInclude Include="src\pipelines\ThreadedPipeline.h">
      <Filter>Header Files</Filter>
    </ClInclude>
    <ClInclude Include="src\outputs\UnityTextureOutput.h">
      <Filter>Header Files</Filter>
    </ClInclude>
    <ClInclude Include="src\outputs\OpenCvOutput.h">
      <Filter>Header Files</Filter>
    </ClInclude>
    <ClInclude Include="src\debugging\MeasurePerformance.h">
      <Filter>Header Files</Filter>
    </ClInclude>
  </ItemGroup>
  <ItemGroup>
    <None Include="Modules.def">
      <Filter>Source Files</Filter>
    </None>
  </ItemGroup>
</Project>