
Microsoft Visual Studio Solution File, Format Version 12.00
# Visual Studio 14
VisualStudioVersion = 14.0.25420.1
MinimumVisualStudioVersion = 10.0.40219.1
Project("{8BC9CEB8-8B4A-11D0-8D11-00A0C91BC942}") = "ImageProcessing", "ImageProcessing\ImageProcessing.vcxproj", "{876C14A4-B1B3-49EC-81C6-CB3829ABCC3C}"
EndProject
Project("{8BC9CEB8-8B4A-11D0-8D11-00A0C91BC942}") = "ArToolkitCalibration", "ArToolkitCalibration\ArToolkitCalibration.vcxproj", "{628A03C2-3448-47EF-8CF7-F9DB13A4C81A}"
EndProject
Project("{FAE04EC0-301F-11D3-BF4B-00C04F79EFBC}") = "GUI", "GUI\GUI.csproj", "{F6456212-C32F-483E-A855-60F741047002}"
	ProjectSection(ProjectDependencies) = postProject
		{F6922147-C3F4-4B3E-998F-42AC5A1E0AF8} = {F6922147-C3F4-4B3E-998F-42AC5A1E0AF8}
		{876C14A4-B1B3-49EC-81C6-CB3829ABCC3C} = {876C14A4-B1B3-49EC-81C6-CB3829ABCC3C}
		{628A03C2-3448-47EF-8CF7-F9DB13A4C81A} = {628A03C2-3448-47EF-8CF7-F9DB13A4C81A}
	EndProjectSection
EndProject
Project("{8BC9CEB8-8B4A-11D0-8D11-00A0C91BC942}") = "optitrack", "optitrack\optitrack.vcxproj", "{F6922147-C3F4-4B3E-998F-42AC5A1E0AF8}"
EndProject
Global
	GlobalSection(SolutionConfigurationPlatforms) = preSolution
		Debug|Any CPU = Debug|Any CPU
		Debug|x64 = Debug|x64
		Debug|x86 = Debug|x86
		Release|Any CPU = Release|Any CPU
		Release|x64 = Release|x64
		Release|x86 = Release|x86
	EndGlobalSection
	GlobalSection(ProjectConfigurationPlatforms) = postSolution
		{876C14A4-B1B3-49EC-81C6-CB3829ABCC3C}.Debug|Any CPU.ActiveCfg = Debug|x64
		{876C14A4-B1B3-49EC-81C6-CB3829ABCC3C}.Debug|x64.ActiveCfg = Debug|x64
		{876C14A4-B1B3-49EC-81C6-CB3829ABCC3C}.Debug|x64.Build.0 = Debug|x64
		{876C14A4-B1B3-49EC-81C6-CB3829ABCC3C}.Debug|x86.ActiveCfg = Debug|x64
		{876C14A4-B1B3-49EC-81C6-CB3829ABCC3C}.Debug|x86.Build.0 = Debug|x64
		{876C14A4-B1B3-49EC-81C6-CB3829ABCC3C}.Release|Any CPU.ActiveCfg = Release|x64
		{876C14A4-B1B3-49EC-81C6-CB3829ABCC3C}.Release|x64.ActiveCfg = Release|x64
		{876C14A4-B1B3-49EC-81C6-CB3829ABCC3C}.Release|x64.Build.0 = Release|x64
		{876C14A4-B1B3-49EC-81C6-CB3829ABCC3C}.Release|x86.ActiveCfg = Release|x64
		{628A03C2-3448-47EF-8CF7-F9DB13A4C81A}.Debug|Any CPU.ActiveCfg = Debug|Win32
		{628A03C2-3448-47EF-8CF7-F9DB13A4C81A}.Debug|x64.ActiveCfg = Debug|Win32
		{628A03C2-3448-47EF-8CF7-F9DB13A4C81A}.Debug|x64.Build.0 = Debug|Win32
		{628A03C2-3448-47EF-8CF7-F9DB13A4C81A}.Debug|x86.ActiveCfg = Debug|Win32
		{628A03C2-3448-47EF-8CF7-F9DB13A4C81A}.Debug|x86.Build.0 = Debug|Win32
		{628A03C2-3448-47EF-8CF7-F9DB13A4C81A}.Release|Any CPU.ActiveCfg = Release|Win32
		{628A03C2-3448-47EF-8CF7-F9DB13A4C81A}.Release|x64.ActiveCfg = Release|Win32
		{628A03C2-3448-47EF-8CF7-F9DB13A4C81A}.Release|x64.Build.0 = Release|Win32
		{628A03C2-3448-47EF-8CF7-F9DB13A4C81A}.Release|x86.ActiveCfg = Release|Win32
		{628A03C2-3448-47EF-8CF7-F9DB13A4C81A}.Release|x86.Build.0 = Release|Win32
		{F6456212-C32F-483E-A855-60F741047002}.Debug|Any CPU.ActiveCfg = Debug|Any CPU
		{F6456212-C32F-483E-A855-60F741047002}.Debug|Any CPU.Build.0 = Debug|Any CPU
		{F6456212-C32F-483E-A855-60F741047002}.Debug|x64.ActiveCfg = Debug|Any CPU
		{F6456212-C32F-483E-A855-60F741047002}.Debug|x64.Build.0 = Debug|Any CPU
		{F6456212-C32F-483E-A855-60F741047002}.Debug|x86.ActiveCfg = Debug|Any CPU
		{F6456212-C32F-483E-A855-60F741047002}.Debug|x86.Build.0 = Debug|Any CPU
		{F6456212-C32F-483E-A855-60F741047002}.Release|Any CPU.ActiveCfg = Release|Any CPU
		{F6456212-C32F-483E-A855-60F741047002}.Release|Any CPU.Build.0 = Release|Any CPU
		{F6456212-C32F-483E-A855-60F741047002}.Release|x64.ActiveCfg = Release|Any CPU
		{F6456212-C32F-483E-A855-60F741047002}.Release|x64.Build.0 = Release|Any CPU
		{F6456212-C32F-483E-A855-60F741047002}.Release|x86.ActiveCfg = Release|Any CPU
		{F6456212-C32F-483E-A855-60F741047002}.Release|x86.Build.0 = Release|Any CPU
		{F6922147-C3F4-4B3E-998F-42AC5A1E0AF8}.Debug|Any CPU.ActiveCfg = Debug|Win32
		{F6922147-C3F4-4B3E-998F-42AC5A1E0AF8}.Debug|x64.ActiveCfg = Debug|x64
		{F6922147-C3F4-4B3E-998F-42AC5A1E0AF8}.Debug|x64.Build.0 = Debug|x64
		{F6922147-C3F4-4B3E-998F-42AC5A1E0AF8}.Debug|x86.ActiveCfg = Debug|Win32
		{F6922147-C3F4-4B3E-998F-42AC5A1E0AF8}.Debug|x86.Build.0 = Debug|Win32
		{F6922147-C3F4-4B3E-998F-42AC5A1E0AF8}.Release|Any CPU.ActiveCfg = Release|Win32
		{F6922147-C3F4-4B3E-998F-42AC5A1E0AF8}.Release|x64.ActiveCfg = Release|x64
		{F6922147-C3F4-4B3E-998F-42AC5A1E0AF8}.Release|x64.Build.0 = Release|x64
		{F6922147-C3F4-4B3E-998F-42AC5A1E0AF8}.Release|x86.ActiveCfg = Release|Win32
		{F6922147-C3F4-4B3E-998F-42AC5A1E0AF8}.Release|x86.Build.0 = Release|Win32
	EndGlobalSection
	GlobalSection(SolutionProperties) = preSolution
		HideSolutionNode = FALSE
	EndGlobalSection
EndGlobal
